
Microsoft Visual Studio Solution File, Format Version 12.00
# Visual Studio Version 17
VisualStudioVersion = 17.7.34031.279
MinimumVisualStudioVersion = 10.0.40219.1
Project("{2150E333-8FDC-42A3-9474-1A3956D46DE8}") = "Domain", "Domain", "{D589C1CA-4E1B-4970-B26B-7DE0DF6EE005}"
EndProject
Project("{2150E333-8FDC-42A3-9474-1A3956D46DE8}") = "Infrastructure", "Infrastructure", "{CA2C7A00-8ADB-4CED-984E-D08046D61DA1}"
EndProject
Project("{2150E333-8FDC-42A3-9474-1A3956D46DE8}") = "Service", "Service", "{026002AA-727F-4B37-88A9-B1D22262B5BD}"
EndProject
Project("{2150E333-8FDC-42A3-9474-1A3956D46DE8}") = "WebApi", "WebApi", "{C797BED8-696F-45AC-8B97-B157AC79F375}"
EndProject
Project("{9A19103F-16F7-4668-BE54-9A1E7A4F7556}") = "Entity", "Entity\Entity.csproj", "{4D03B997-0BCB-4EFF-B9F9-93E7DECBBFF0}"
EndProject
Project("{9A19103F-16F7-4668-BE54-9A1E7A4F7556}") = "WebCore", "WebCore\WebCore.csproj", "{651028A5-BE39-4409-B361-3A6B2D5C89CD}"
EndProject
Project("{9A19103F-16F7-4668-BE54-9A1E7A4F7556}") = "DatabaseBroker", "DatabaseBroker\DatabaseBroker.csproj", "{468B6AB7-DEB4-45AB-946B-F539E3F74FE3}"
EndProject
Project("{9A19103F-16F7-4668-BE54-9A1E7A4F7556}") = "AuthService", "AuthService\AuthService.csproj", "{09817CA6-D6B6-467A-A897-6E09EA4C4BAF}"
EndProject
Project("{9A19103F-16F7-4668-BE54-9A1E7A4F7556}") = "GatewayApi", "GatewayApi\GatewayApi.csproj", "{0090C870-F342-436F-AC53-B6270D07671A}"
EndProject
Project("{9A19103F-16F7-4668-BE54-9A1E7A4F7556}") = "AuthApi", "AuthApi\AuthApi.csproj", "{8DE5BB07-F67A-4D3B-A87A-9B005B4D3C92}"
EndProject
Project("{9A19103F-16F7-4668-BE54-9A1E7A4F7556}") = "AuthenticationBroker", "AuthenticationBroker\AuthenticationBroker.csproj", "{31EFCAF7-B42C-4557-8653-D836F5479945}"
EndProject
Project("{9A19103F-16F7-4668-BE54-9A1E7A4F7556}") = "RoleService", "StructureService\RoleService.csproj", "{157CC9F8-0DE6-4473-AB3B-BB3F0E3A1B7A}"
EndProject
Project("{FAE04EC0-301F-11D3-BF4B-00C04F79EFBC}") = "AssetApi", "AssetApi\AssetApi.csproj", "{4930E584-4DC0-4EFB-B3C5-0DF7E40AA983}"
EndProject
Project("{FAE04EC0-301F-11D3-BF4B-00C04F79EFBC}") = "StaticFileService", "StaticFileService\StaticFileService.csproj", "{E4053C11-68F7-49AB-98D4-FD22171EC579}"
EndProject
Project("{FAE04EC0-301F-11D3-BF4B-00C04F79EFBC}") = "ApiBroker", "ApiBroker\ApiBroker.csproj", "{F03CF14D-BC2D-425C-98AC-00AC5E1D0875}"
EndProject
Global
	GlobalSection(SolutionConfigurationPlatforms) = preSolution
		Debug|Any CPU = Debug|Any CPU
		Release|Any CPU = Release|Any CPU
	EndGlobalSection
	GlobalSection(ProjectConfigurationPlatforms) = postSolution
		{4D03B997-0BCB-4EFF-B9F9-93E7DECBBFF0}.Debug|Any CPU.ActiveCfg = Debug|Any CPU
		{4D03B997-0BCB-4EFF-B9F9-93E7DECBBFF0}.Debug|Any CPU.Build.0 = Debug|Any CPU
		{4D03B997-0BCB-4EFF-B9F9-93E7DECBBFF0}.Release|Any CPU.ActiveCfg = Release|Any CPU
		{4D03B997-0BCB-4EFF-B9F9-93E7DECBBFF0}.Release|Any CPU.Build.0 = Release|Any CPU
		{651028A5-BE39-4409-B361-3A6B2D5C89CD}.Debug|Any CPU.ActiveCfg = Debug|Any CPU
		{651028A5-BE39-4409-B361-3A6B2D5C89CD}.Debug|Any CPU.Build.0 = Debug|Any CPU
		{651028A5-BE39-4409-B361-3A6B2D5C89CD}.Release|Any CPU.ActiveCfg = Release|Any CPU
		{651028A5-BE39-4409-B361-3A6B2D5C89CD}.Release|Any CPU.Build.0 = Release|Any CPU
		{468B6AB7-DEB4-45AB-946B-F539E3F74FE3}.Debug|Any CPU.ActiveCfg = Debug|Any CPU
		{468B6AB7-DEB4-45AB-946B-F539E3F74FE3}.Debug|Any CPU.Build.0 = Debug|Any CPU
		{468B6AB7-DEB4-45AB-946B-F539E3F74FE3}.Release|Any CPU.ActiveCfg = Release|Any CPU
		{468B6AB7-DEB4-45AB-946B-F539E3F74FE3}.Release|Any CPU.Build.0 = Release|Any CPU
		{09817CA6-D6B6-467A-A897-6E09EA4C4BAF}.Debug|Any CPU.ActiveCfg = Debug|Any CPU
		{09817CA6-D6B6-467A-A897-6E09EA4C4BAF}.Debug|Any CPU.Build.0 = Debug|Any CPU
		{09817CA6-D6B6-467A-A897-6E09EA4C4BAF}.Release|Any CPU.ActiveCfg = Release|Any CPU
		{09817CA6-D6B6-467A-A897-6E09EA4C4BAF}.Release|Any CPU.Build.0 = Release|Any CPU
		{0090C870-F342-436F-AC53-B6270D07671A}.Debug|Any CPU.ActiveCfg = Debug|Any CPU
		{0090C870-F342-436F-AC53-B6270D07671A}.Debug|Any CPU.Build.0 = Debug|Any CPU
		{0090C870-F342-436F-AC53-B6270D07671A}.Release|Any CPU.ActiveCfg = Release|Any CPU
		{0090C870-F342-436F-AC53-B6270D07671A}.Release|Any CPU.Build.0 = Release|Any CPU
		{8DE5BB07-F67A-4D3B-A87A-9B005B4D3C92}.Debug|Any CPU.ActiveCfg = Debug|Any CPU
		{8DE5BB07-F67A-4D3B-A87A-9B005B4D3C92}.Debug|Any CPU.Build.0 = Debug|Any CPU
		{8DE5BB07-F67A-4D3B-A87A-9B005B4D3C92}.Release|Any CPU.ActiveCfg = Release|Any CPU
		{8DE5BB07-F67A-4D3B-A87A-9B005B4D3C92}.Release|Any CPU.Build.0 = Release|Any CPU
		{31EFCAF7-B42C-4557-8653-D836F5479945}.Debug|Any CPU.ActiveCfg = Debug|Any CPU
		{31EFCAF7-B42C-4557-8653-D836F5479945}.Debug|Any CPU.Build.0 = Debug|Any CPU
		{31EFCAF7-B42C-4557-8653-D836F5479945}.Release|Any CPU.ActiveCfg = Release|Any CPU
		{31EFCAF7-B42C-4557-8653-D836F5479945}.Release|Any CPU.Build.0 = Release|Any CPU
		{157CC9F8-0DE6-4473-AB3B-BB3F0E3A1B7A}.Debug|Any CPU.ActiveCfg = Debug|Any CPU
		{157CC9F8-0DE6-4473-AB3B-BB3F0E3A1B7A}.Debug|Any CPU.Build.0 = Debug|Any CPU
		{157CC9F8-0DE6-4473-AB3B-BB3F0E3A1B7A}.Release|Any CPU.ActiveCfg = Release|Any CPU
		{157CC9F8-0DE6-4473-AB3B-BB3F0E3A1B7A}.Release|Any CPU.Build.0 = Release|Any CPU
		{4930E584-4DC0-4EFB-B3C5-0DF7E40AA983}.Debug|Any CPU.ActiveCfg = Debug|Any CPU
		{4930E584-4DC0-4EFB-B3C5-0DF7E40AA983}.Debug|Any CPU.Build.0 = Debug|Any CPU
		{4930E584-4DC0-4EFB-B3C5-0DF7E40AA983}.Release|Any CPU.ActiveCfg = Release|Any CPU
		{4930E584-4DC0-4EFB-B3C5-0DF7E40AA983}.Release|Any CPU.Build.0 = Release|Any CPU
		{E4053C11-68F7-49AB-98D4-FD22171EC579}.Debug|Any CPU.ActiveCfg = Debug|Any CPU
		{E4053C11-68F7-49AB-98D4-FD22171EC579}.Debug|Any CPU.Build.0 = Debug|Any CPU
		{E4053C11-68F7-49AB-98D4-FD22171EC579}.Release|Any CPU.ActiveCfg = Release|Any CPU
		{E4053C11-68F7-49AB-98D4-FD22171EC579}.Release|Any CPU.Build.0 = Release|Any CPU
		{F03CF14D-BC2D-425C-98AC-00AC5E1D0875}.Debug|Any CPU.ActiveCfg = Debug|Any CPU
		{F03CF14D-BC2D-425C-98AC-00AC5E1D0875}.Debug|Any CPU.Build.0 = Debug|Any CPU
		{F03CF14D-BC2D-425C-98AC-00AC5E1D0875}.Release|Any CPU.ActiveCfg = Release|Any CPU
		{F03CF14D-BC2D-425C-98AC-00AC5E1D0875}.Release|Any CPU.Build.0 = Release|Any CPU
	EndGlobalSection
	GlobalSection(SolutionProperties) = preSolution
		HideSolutionNode = FALSE
	EndGlobalSection
	GlobalSection(NestedProjects) = preSolution
		{4D03B997-0BCB-4EFF-B9F9-93E7DECBBFF0} = {D589C1CA-4E1B-4970-B26B-7DE0DF6EE005}
		{651028A5-BE39-4409-B361-3A6B2D5C89CD} = {D589C1CA-4E1B-4970-B26B-7DE0DF6EE005}
		{468B6AB7-DEB4-45AB-946B-F539E3F74FE3} = {CA2C7A00-8ADB-4CED-984E-D08046D61DA1}
		{09817CA6-D6B6-467A-A897-6E09EA4C4BAF} = {026002AA-727F-4B37-88A9-B1D22262B5BD}
		{0090C870-F342-436F-AC53-B6270D07671A} = {C797BED8-696F-45AC-8B97-B157AC79F375}
		{8DE5BB07-F67A-4D3B-A87A-9B005B4D3C92} = {C797BED8-696F-45AC-8B97-B157AC79F375}
		{31EFCAF7-B42C-4557-8653-D836F5479945} = {CA2C7A00-8ADB-4CED-984E-D08046D61DA1}
		{157CC9F8-0DE6-4473-AB3B-BB3F0E3A1B7A} = {026002AA-727F-4B37-88A9-B1D22262B5BD}
		{4930E584-4DC0-4EFB-B3C5-0DF7E40AA983} = {C797BED8-696F-45AC-8B97-B157AC79F375}
		{E4053C11-68F7-49AB-98D4-FD22171EC579} = {026002AA-727F-4B37-88A9-B1D22262B5BD}
		{F03CF14D-BC2D-425C-98AC-00AC5E1D0875} = {CA2C7A00-8ADB-4CED-984E-D08046D61DA1}
	EndGlobalSection
	GlobalSection(ExtensibilityGlobals) = postSolution
		SolutionGuid = {B0A13641-9D7A-40CC-B5F6-EDA9F6EC62B2}
	EndGlobalSection
EndGlobal
